
Microsoft Visual Studio Solution File, Format Version 12.00
# Visual Studio Version 17
VisualStudioVersion = 17.0.31903.59
MinimumVisualStudioVersion = 10.0.40219.1
Project("{2150E333-8FDC-42A3-9474-1A3956D46DE8}") = "src", "src", "{827E0CD3-B72D-47B6-A68D-7590B98EB39B}"
EndProject
Project("{FAE04EC0-301F-11D3-BF4B-00C04F79EFBC}") = "BorealBoost.Agent", "src\BorealBoost.Agent\BorealBoost.Agent.csproj", "{228FB368-F804-407C-A78A-C75C490D2901}"
EndProject
Project("{FAE04EC0-301F-11D3-BF4B-00C04F79EFBC}") = "BorealBoost.Analysis", "src\BorealBoost.Analysis\BorealBoost.Analysis.csproj", "{54DC9469-F7E5-4FAA-9DF6-034458006CF6}"
EndProject
Project("{FAE04EC0-301F-11D3-BF4B-00C04F79EFBC}") = "BorealBoost.Benchmark", "src\BorealBoost.Benchmark\BorealBoost.Benchmark.csproj", "{0F7DE1B2-6AAE-461A-A45C-A72676583F36}"
EndProject
Project("{FAE04EC0-301F-11D3-BF4B-00C04F79EFBC}") = "BorealBoost.Core", "src\BorealBoost.Core\BorealBoost.Core.csproj", "{604E6DAA-7EC7-433A-91D0-17EA1A7364DF}"
EndProject
Project("{FAE04EC0-301F-11D3-BF4B-00C04F79EFBC}") = "BorealBoost.Drivers", "src\BorealBoost.Drivers\BorealBoost.Drivers.csproj", "{25C19537-6BDA-412F-9DB7-1BA54B58D11C}"
EndProject
Project("{FAE04EC0-301F-11D3-BF4B-00C04F79EFBC}") = "BorealBoost.Infrastructure", "src\BorealBoost.Infrastructure\BorealBoost.Infrastructure.csproj", "{F45859A9-0C9F-4DDF-86AE-74CF32DF7AFE}"
EndProject
Project("{FAE04EC0-301F-11D3-BF4B-00C04F79EFBC}") = "BorealBoost.Optimization", "src\BorealBoost.Optimization\BorealBoost.Optimization.csproj", "{0DF6DEB0-630D-4340-B8A0-7C4745A4752C}"
EndProject
Project("{FAE04EC0-301F-11D3-BF4B-00C04F79EFBC}") = "BorealBoost.Reporting", "src\BorealBoost.Reporting\BorealBoost.Reporting.csproj", "{0D56C9F8-99CC-45A7-89E2-A5C4551E9C5D}"
EndProject
Project("{FAE04EC0-301F-11D3-BF4B-00C04F79EFBC}") = "BorealBoost.Restore", "src\BorealBoost.Restore\BorealBoost.Restore.csproj", "{1C509E73-1E22-4A0C-AEAE-ACB5F8F5C9AD}"
EndProject
Project("{FAE04EC0-301F-11D3-BF4B-00C04F79EFBC}") = "BorealBoost.System", "src\BorealBoost.System\BorealBoost.System.csproj", "{50709456-A950-4CED-A903-FBEE40ABC20F}"
EndProject
Project("{2150E333-8FDC-42A3-9474-1A3956D46DE8}") = "tests", "tests", "{0AB3BF05-4346-4AA6-1389-037BE0695223}"
EndProject
Project("{FAE04EC0-301F-11D3-BF4B-00C04F79EFBC}") = "BorealBoost.Tests.Integration", "tests\BorealBoost.Tests.Integration\BorealBoost.Tests.Integration.csproj", "{3E80DE8F-9257-45A7-BB10-D256BDDD8A31}"
EndProject
Project("{FAE04EC0-301F-11D3-BF4B-00C04F79EFBC}") = "BorealBoost.Tests.System", "tests\BorealBoost.Tests.System\BorealBoost.Tests.System.csproj", "{4B1BF921-6150-4EFC-9241-A1D5A147CC55}"
EndProject
Project("{FAE04EC0-301F-11D3-BF4B-00C04F79EFBC}") = "BorealBoost.Tests.Unit", "tests\BorealBoost.Tests.Unit\BorealBoost.Tests.Unit.csproj", "{21945984-B897-48C6-B583-861BCC553A5C}"
EndProject
Project("{FAE04EC0-301F-11D3-BF4B-00C04F79EFBC}") = "BorealBoost.App", "src\BorealBoost.App\BorealBoost.App.csproj", "{E535FBE4-233E-4191-B674-9DE8B6BDAFAB}"
EndProject
Global
	GlobalSection(SolutionConfigurationPlatforms) = preSolution
		Debug|Any CPU = Debug|Any CPU
		Debug|x64 = Debug|x64
		Debug|x86 = Debug|x86
		Release|Any CPU = Release|Any CPU
		Release|x64 = Release|x64
		Release|x86 = Release|x86
	EndGlobalSection
	GlobalSection(ProjectConfigurationPlatforms) = postSolution
		{228FB368-F804-407C-A78A-C75C490D2901}.Debug|Any CPU.ActiveCfg = Debug|Any CPU
		{228FB368-F804-407C-A78A-C75C490D2901}.Debug|Any CPU.Build.0 = Debug|Any CPU
		{228FB368-F804-407C-A78A-C75C490D2901}.Debug|x64.ActiveCfg = Debug|Any CPU
		{228FB368-F804-407C-A78A-C75C490D2901}.Debug|x64.Build.0 = Debug|Any CPU
		{228FB368-F804-407C-A78A-C75C490D2901}.Debug|x86.ActiveCfg = Debug|Any CPU
		{228FB368-F804-407C-A78A-C75C490D2901}.Debug|x86.Build.0 = Debug|Any CPU
		{228FB368-F804-407C-A78A-C75C490D2901}.Release|Any CPU.ActiveCfg = Release|Any CPU
		{228FB368-F804-407C-A78A-C75C490D2901}.Release|Any CPU.Build.0 = Release|Any CPU
		{228FB368-F804-407C-A78A-C75C490D2901}.Release|x64.ActiveCfg = Release|Any CPU
		{228FB368-F804-407C-A78A-C75C490D2901}.Release|x64.Build.0 = Release|Any CPU
		{228FB368-F804-407C-A78A-C75C490D2901}.Release|x86.ActiveCfg = Release|Any CPU
		{228FB368-F804-407C-A78A-C75C490D2901}.Release|x86.Build.0 = Release|Any CPU
		{54DC9469-F7E5-4FAA-9DF6-034458006CF6}.Debug|Any CPU.ActiveCfg = Debug|Any CPU
		{54DC9469-F7E5-4FAA-9DF6-034458006CF6}.Debug|Any CPU.Build.0 = Debug|Any CPU
		{54DC9469-F7E5-4FAA-9DF6-034458006CF6}.Debug|x64.ActiveCfg = Debug|Any CPU
		{54DC9469-F7E5-4FAA-9DF6-034458006CF6}.Debug|x64.Build.0 = Debug|Any CPU
		{54DC9469-F7E5-4FAA-9DF6-034458006CF6}.Debug|x86.ActiveCfg = Debug|Any CPU
		{54DC9469-F7E5-4FAA-9DF6-034458006CF6}.Debug|x86.Build.0 = Debug|Any CPU
		{54DC9469-F7E5-4FAA-9DF6-034458006CF6}.Release|Any CPU.ActiveCfg = Release|Any CPU
		{54DC9469-F7E5-4FAA-9DF6-034458006CF6}.Release|Any CPU.Build.0 = Release|Any CPU
		{54DC9469-F7E5-4FAA-9DF6-034458006CF6}.Release|x64.ActiveCfg = Release|Any CPU
		{54DC9469-F7E5-4FAA-9DF6-034458006CF6}.Release|x64.Build.0 = Release|Any CPU
		{54DC9469-F7E5-4FAA-9DF6-034458006CF6}.Release|x86.ActiveCfg = Release|Any CPU
		{54DC9469-F7E5-4FAA-9DF6-034458006CF6}.Release|x86.Build.0 = Release|Any CPU
		{0F7DE1B2-6AAE-461A-A45C-A72676583F36}.Debug|Any CPU.ActiveCfg = Debug|Any CPU
		{0F7DE1B2-6AAE-461A-A45C-A72676583F36}.Debug|Any CPU.Build.0 = Debug|Any CPU
		{0F7DE1B2-6AAE-461A-A45C-A72676583F36}.Debug|x64.ActiveCfg = Debug|Any CPU
		{0F7DE1B2-6AAE-461A-A45C-A72676583F36}.Debug|x64.Build.0 = Debug|Any CPU
		{0F7DE1B2-6AAE-461A-A45C-A72676583F36}.Debug|x86.ActiveCfg = Debug|Any CPU
		{0F7DE1B2-6AAE-461A-A45C-A72676583F36}.Debug|x86.Build.0 = Debug|Any CPU
		{0F7DE1B2-6AAE-461A-A45C-A72676583F36}.Release|Any CPU.ActiveCfg = Release|Any CPU
		{0F7DE1B2-6AAE-461A-A45C-A72676583F36}.Release|Any CPU.Build.0 = Release|Any CPU
		{0F7DE1B2-6AAE-461A-A45C-A72676583F36}.Release|x64.ActiveCfg = Release|Any CPU
		{0F7DE1B2-6AAE-461A-A45C-A72676583F36}.Release|x64.Build.0 = Release|Any CPU
		{0F7DE1B2-6AAE-461A-A45C-A72676583F36}.Release|x86.ActiveCfg = Release|Any CPU
		{0F7DE1B2-6AAE-461A-A45C-A72676583F36}.Release|x86.Build.0 = Release|Any CPU
		{604E6DAA-7EC7-433A-91D0-17EA1A7364DF}.Debug|Any CPU.ActiveCfg = Debug|Any CPU
		{604E6DAA-7EC7-433A-91D0-17EA1A7364DF}.Debug|Any CPU.Build.0 = Debug|Any CPU
		{604E6DAA-7EC7-433A-91D0-17EA1A7364DF}.Debug|x64.ActiveCfg = Debug|Any CPU
		{604E6DAA-7EC7-433A-91D0-17EA1A7364DF}.Debug|x64.Build.0 = Debug|Any CPU
		{604E6DAA-7EC7-433A-91D0-17EA1A7364DF}.Debug|x86.ActiveCfg = Debug|Any CPU
		{604E6DAA-7EC7-433A-91D0-17EA1A7364DF}.Debug|x86.Build.0 = Debug|Any CPU
		{604E6DAA-7EC7-433A-91D0-17EA1A7364DF}.Release|Any CPU.ActiveCfg = Release|Any CPU
		{604E6DAA-7EC7-433A-91D0-17EA1A7364DF}.Release|Any CPU.Build.0 = Release|Any CPU
		{604E6DAA-7EC7-433A-91D0-17EA1A7364DF}.Release|x64.ActiveCfg = Release|Any CPU
		{604E6DAA-7EC7-433A-91D0-17EA1A7364DF}.Release|x64.Build.0 = Release|Any CPU
		{604E6DAA-7EC7-433A-91D0-17EA1A7364DF}.Release|x86.ActiveCfg = Release|Any CPU
		{604E6DAA-7EC7-433A-91D0-17EA1A7364DF}.Release|x86.Build.0 = Release|Any CPU
		{25C19537-6BDA-412F-9DB7-1BA54B58D11C}.Debug|Any CPU.ActiveCfg = Debug|Any CPU
		{25C19537-6BDA-412F-9DB7-1BA54B58D11C}.Debug|Any CPU.Build.0 = Debug|Any CPU
		{25C19537-6BDA-412F-9DB7-1BA54B58D11C}.Debug|x64.ActiveCfg = Debug|Any CPU
		{25C19537-6BDA-412F-9DB7-1BA54B58D11C}.Debug|x64.Build.0 = Debug|Any CPU
		{25C19537-6BDA-412F-9DB7-1BA54B58D11C}.Debug|x86.ActiveCfg = Debug|Any CPU
		{25C19537-6BDA-412F-9DB7-1BA54B58D11C}.Debug|x86.Build.0 = Debug|Any CPU
		{25C19537-6BDA-412F-9DB7-1BA54B58D11C}.Release|Any CPU.ActiveCfg = Release|Any CPU
		{25C19537-6BDA-412F-9DB7-1BA54B58D11C}.Release|Any CPU.Build.0 = Release|Any CPU
		{25C19537-6BDA-412F-9DB7-1BA54B58D11C}.Release|x64.ActiveCfg = Release|Any CPU
		{25C19537-6BDA-412F-9DB7-1BA54B58D11C}.Release|x64.Build.0 = Release|Any CPU
		{25C19537-6BDA-412F-9DB7-1BA54B58D11C}.Release|x86.ActiveCfg = Release|Any CPU
		{25C19537-6BDA-412F-9DB7-1BA54B58D11C}.Release|x86.Build.0 = Release|Any CPU
		{F45859A9-0C9F-4DDF-86AE-74CF32DF7AFE}.Debug|Any CPU.ActiveCfg = Debug|Any CPU
		{F45859A9-0C9F-4DDF-86AE-74CF32DF7AFE}.Debug|Any CPU.Build.0 = Debug|Any CPU
		{F45859A9-0C9F-4DDF-86AE-74CF32DF7AFE}.Debug|x64.ActiveCfg = Debug|Any CPU
		{F45859A9-0C9F-4DDF-86AE-74CF32DF7AFE}.Debug|x64.Build.0 = Debug|Any CPU
		{F45859A9-0C9F-4DDF-86AE-74CF32DF7AFE}.Debug|x86.ActiveCfg = Debug|Any CPU
		{F45859A9-0C9F-4DDF-86AE-74CF32DF7AFE}.Debug|x86.Build.0 = Debug|Any CPU
		{F45859A9-0C9F-4DDF-86AE-74CF32DF7AFE}.Release|Any CPU.ActiveCfg = Release|Any CPU
		{F45859A9-0C9F-4DDF-86AE-74CF32DF7AFE}.Release|Any CPU.Build.0 = Release|Any CPU
		{F45859A9-0C9F-4DDF-86AE-74CF32DF7AFE}.Release|x64.ActiveCfg = Release|Any CPU
		{F45859A9-0C9F-4DDF-86AE-74CF32DF7AFE}.Release|x64.Build.0 = Release|Any CPU
		{F45859A9-0C9F-4DDF-86AE-74CF32DF7AFE}.Release|x86.ActiveCfg = Release|Any CPU
		{F45859A9-0C9F-4DDF-86AE-74CF32DF7AFE}.Release|x86.Build.0 = Release|Any CPU
		{0DF6DEB0-630D-4340-B8A0-7C4745A4752C}.Debug|Any CPU.ActiveCfg = Debug|Any CPU
		{0DF6DEB0-630D-4340-B8A0-7C4745A4752C}.Debug|Any CPU.Build.0 = Debug|Any CPU
		{0DF6DEB0-630D-4340-B8A0-7C4745A4752C}.Debug|x64.ActiveCfg = Debug|Any CPU
		{0DF6DEB0-630D-4340-B8A0-7C4745A4752C}.Debug|x64.Build.0 = Debug|Any CPU
		{0DF6DEB0-630D-4340-B8A0-7C4745A4752C}.Debug|x86.ActiveCfg = Debug|Any CPU
		{0DF6DEB0-630D-4340-B8A0-7C4745A4752C}.Debug|x86.Build.0 = Debug|Any CPU
		{0DF6DEB0-630D-4340-B8A0-7C4745A4752C}.Release|Any CPU.ActiveCfg = Release|Any CPU
		{0DF6DEB0-630D-4340-B8A0-7C4745A4752C}.Release|Any CPU.Build.0 = Release|Any CPU
		{0DF6DEB0-630D-4340-B8A0-7C4745A4752C}.Release|x64.ActiveCfg = Release|Any CPU
		{0DF6DEB0-630D-4340-B8A0-7C4745A4752C}.Release|x64.Build.0 = Release|Any CPU
		{0DF6DEB0-630D-4340-B8A0-7C4745A4752C}.Release|x86.ActiveCfg = Release|Any CPU
		{0DF6DEB0-630D-4340-B8A0-7C4745A4752C}.Release|x86.Build.0 = Release|Any CPU
		{0D56C9F8-99CC-45A7-89E2-A5C4551E9C5D}.Debug|Any CPU.ActiveCfg = Debug|Any CPU
		{0D56C9F8-99CC-45A7-89E2-A5C4551E9C5D}.Debug|Any CPU.Build.0 = Debug|Any CPU
		{0D56C9F8-99CC-45A7-89E2-A5C4551E9C5D}.Debug|x64.ActiveCfg = Debug|Any CPU
		{0D56C9F8-99CC-45A7-89E2-A5C4551E9C5D}.Debug|x64.Build.0 = Debug|Any CPU
		{0D56C9F8-99CC-45A7-89E2-A5C4551E9C5D}.Debug|x86.ActiveCfg = Debug|Any CPU
		{0D56C9F8-99CC-45A7-89E2-A5C4551E9C5D}.Debug|x86.Build.0 = Debug|Any CPU
		{0D56C9F8-99CC-45A7-89E2-A5C4551E9C5D}.Release|Any CPU.ActiveCfg = Release|Any CPU
		{0D56C9F8-99CC-45A7-89E2-A5C4551E9C5D}.Release|Any CPU.Build.0 = Release|Any CPU
		{0D56C9F8-99CC-45A7-89E2-A5C4551E9C5D}.Release|x64.ActiveCfg = Release|Any CPU
		{0D56C9F8-99CC-45A7-89E2-A5C4551E9C5D}.Release|x64.Build.0 = Release|Any CPU
		{0D56C9F8-99CC-45A7-89E2-A5C4551E9C5D}.Release|x86.ActiveCfg = Release|Any CPU
		{0D56C9F8-99CC-45A7-89E2-A5C4551E9C5D}.Release|x86.Build.0 = Release|Any CPU
		{1C509E73-1E22-4A0C-AEAE-ACB5F8F5C9AD}.Debug|Any CPU.ActiveCfg = Debug|Any CPU
		{1C509E73-1E22-4A0C-AEAE-ACB5F8F5C9AD}.Debug|Any CPU.Build.0 = Debug|Any CPU
		{1C509E73-1E22-4A0C-AEAE-ACB5F8F5C9AD}.Debug|x64.ActiveCfg = Debug|Any CPU
		{1C509E73-1E22-4A0C-AEAE-ACB5F8F5C9AD}.Debug|x64.Build.0 = Debug|Any CPU
		{1C509E73-1E22-4A0C-AEAE-ACB5F8F5C9AD}.Debug|x86.ActiveCfg = Debug|Any CPU
		{1C509E73-1E22-4A0C-AEAE-ACB5F8F5C9AD}.Debug|x86.Build.0 = Debug|Any CPU
		{1C509E73-1E22-4A0C-AEAE-ACB5F8F5C9AD}.Release|Any CPU.ActiveCfg = Release|Any CPU
		{1C509E73-1E22-4A0C-AEAE-ACB5F8F5C9AD}.Release|Any CPU.Build.0 = Release|Any CPU
		{1C509E73-1E22-4A0C-AEAE-ACB5F8F5C9AD}.Release|x64.ActiveCfg = Release|Any CPU
		{1C509E73-1E22-4A0C-AEAE-ACB5F8F5C9AD}.Release|x64.Build.0 = Release|Any CPU
		{1C509E73-1E22-4A0C-AEAE-ACB5F8F5C9AD}.Release|x86.ActiveCfg = Release|Any CPU
		{1C509E73-1E22-4A0C-AEAE-ACB5F8F5C9AD}.Release|x86.Build.0 = Release|Any CPU
		{50709456-A950-4CED-A903-FBEE40ABC20F}.Debug|Any CPU.ActiveCfg = Debug|Any CPU
		{50709456-A950-4CED-A903-FBEE40ABC20F}.Debug|Any CPU.Build.0 = Debug|Any CPU
		{50709456-A950-4CED-A903-FBEE40ABC20F}.Debug|x64.ActiveCfg = Debug|Any CPU
		{50709456-A950-4CED-A903-FBEE40ABC20F}.Debug|x64.Build.0 = Debug|Any CPU
		{50709456-A950-4CED-A903-FBEE40ABC20F}.Debug|x86.ActiveCfg = Debug|Any CPU
		{50709456-A950-4CED-A903-FBEE40ABC20F}.Debug|x86.Build.0 = Debug|Any CPU
		{50709456-A950-4CED-A903-FBEE40ABC20F}.Release|Any CPU.ActiveCfg = Release|Any CPU
		{50709456-A950-4CED-A903-FBEE40ABC20F}.Release|Any CPU.Build.0 = Release|Any CPU
		{50709456-A950-4CED-A903-FBEE40ABC20F}.Release|x64.ActiveCfg = Release|Any CPU
		{50709456-A950-4CED-A903-FBEE40ABC20F}.Release|x64.Build.0 = Release|Any CPU
		{50709456-A950-4CED-A903-FBEE40ABC20F}.Release|x86.ActiveCfg = Release|Any CPU
		{50709456-A950-4CED-A903-FBEE40ABC20F}.Release|x86.Build.0 = Release|Any CPU
		{3E80DE8F-9257-45A7-BB10-D256BDDD8A31}.Debug|Any CPU.ActiveCfg = Debug|Any CPU
		{3E80DE8F-9257-45A7-BB10-D256BDDD8A31}.Debug|Any CPU.Build.0 = Debug|Any CPU
		{3E80DE8F-9257-45A7-BB10-D256BDDD8A31}.Debug|x64.ActiveCfg = Debug|Any CPU
		{3E80DE8F-9257-45A7-BB10-D256BDDD8A31}.Debug|x64.Build.0 = Debug|Any CPU
		{3E80DE8F-9257-45A7-BB10-D256BDDD8A31}.Debug|x86.ActiveCfg = Debug|Any CPU
		{3E80DE8F-9257-45A7-BB10-D256BDDD8A31}.Debug|x86.Build.0 = Debug|Any CPU
		{3E80DE8F-9257-45A7-BB10-D256BDDD8A31}.Release|Any CPU.ActiveCfg = Release|Any CPU
		{3E80DE8F-9257-45A7-BB10-D256BDDD8A31}.Release|Any CPU.Build.0 = Release|Any CPU
		{3E80DE8F-9257-45A7-BB10-D256BDDD8A31}.Release|x64.ActiveCfg = Release|Any CPU
		{3E80DE8F-9257-45A7-BB10-D256BDDD8A31}.Release|x64.Build.0 = Release|Any CPU
		{3E80DE8F-9257-45A7-BB10-D256BDDD8A31}.Release|x86.ActiveCfg = Release|Any CPU
		{3E80DE8F-9257-45A7-BB10-D256BDDD8A31}.Release|x86.Build.0 = Release|Any CPU
		{4B1BF921-6150-4EFC-9241-A1D5A147CC55}.Debug|Any CPU.ActiveCfg = Debug|Any CPU
		{4B1BF921-6150-4EFC-9241-A1D5A147CC55}.Debug|Any CPU.Build.0 = Debug|Any CPU
		{4B1BF921-6150-4EFC-9241-A1D5A147CC55}.Debug|x64.ActiveCfg = Debug|Any CPU
		{4B1BF921-6150-4EFC-9241-A1D5A147CC55}.Debug|x64.Build.0 = Debug|Any CPU
		{4B1BF921-6150-4EFC-9241-A1D5A147CC55}.Debug|x86.ActiveCfg = Debug|Any CPU
		{4B1BF921-6150-4EFC-9241-A1D5A147CC55}.Debug|x86.Build.0 = Debug|Any CPU
		{4B1BF921-6150-4EFC-9241-A1D5A147CC55}.Release|Any CPU.ActiveCfg = Release|Any CPU
		{4B1BF921-6150-4EFC-9241-A1D5A147CC55}.Release|Any CPU.Build.0 = Release|Any CPU
		{4B1BF921-6150-4EFC-9241-A1D5A147CC55}.Release|x64.ActiveCfg = Release|Any CPU
		{4B1BF921-6150-4EFC-9241-A1D5A147CC55}.Release|x64.Build.0 = Release|Any CPU
		{4B1BF921-6150-4EFC-9241-A1D5A147CC55}.Release|x86.ActiveCfg = Release|Any CPU
		{4B1BF921-6150-4EFC-9241-A1D5A147CC55}.Release|x86.Build.0 = Release|Any CPU
		{21945984-B897-48C6-B583-861BCC553A5C}.Debug|Any CPU.ActiveCfg = Debug|Any CPU
		{21945984-B897-48C6-B583-861BCC553A5C}.Debug|Any CPU.Build.0 = Debug|Any CPU
		{21945984-B897-48C6-B583-861BCC553A5C}.Debug|x64.ActiveCfg = Debug|Any CPU
		{21945984-B897-48C6-B583-861BCC553A5C}.Debug|x64.Build.0 = Debug|Any CPU
		{21945984-B897-48C6-B583-861BCC553A5C}.Debug|x86.ActiveCfg = Debug|Any CPU
		{21945984-B897-48C6-B583-861BCC553A5C}.Debug|x86.Build.0 = Debug|Any CPU
		{21945984-B897-48C6-B583-861BCC553A5C}.Release|Any CPU.ActiveCfg = Release|Any CPU
		{21945984-B897-48C6-B583-861BCC553A5C}.Release|Any CPU.Build.0 = Release|Any CPU
		{21945984-B897-48C6-B583-861BCC553A5C}.Release|x64.ActiveCfg = Release|Any CPU
		{21945984-B897-48C6-B583-861BCC553A5C}.Release|x64.Build.0 = Release|Any CPU
		{21945984-B897-48C6-B583-861BCC553A5C}.Release|x86.ActiveCfg = Release|Any CPU
		{21945984-B897-48C6-B583-861BCC553A5C}.Release|x86.Build.0 = Release|Any CPU
		{E535FBE4-233E-4191-B674-9DE8B6BDAFAB}.Debug|Any CPU.ActiveCfg = Debug|Any CPU
		{E535FBE4-233E-4191-B674-9DE8B6BDAFAB}.Debug|Any CPU.Build.0 = Debug|Any CPU
		{E535FBE4-233E-4191-B674-9DE8B6BDAFAB}.Debug|x64.ActiveCfg = Debug|Any CPU
		{E535FBE4-233E-4191-B674-9DE8B6BDAFAB}.Debug|x64.Build.0 = Debug|Any CPU
		{E535FBE4-233E-4191-B674-9DE8B6BDAFAB}.Debug|x86.ActiveCfg = Debug|Any CPU
		{E535FBE4-233E-4191-B674-9DE8B6BDAFAB}.Debug|x86.Build.0 = Debug|Any CPU
		{E535FBE4-233E-4191-B674-9DE8B6BDAFAB}.Release|Any CPU.ActiveCfg = Release|Any CPU
		{E535FBE4-233E-4191-B674-9DE8B6BDAFAB}.Release|Any CPU.Build.0 = Release|Any CPU
		{E535FBE4-233E-4191-B674-9DE8B6BDAFAB}.Release|x64.ActiveCfg = Release|Any CPU
		{E535FBE4-233E-4191-B674-9DE8B6BDAFAB}.Release|x64.Build.0 = Release|Any CPU
		{E535FBE4-233E-4191-B674-9DE8B6BDAFAB}.Release|x86.ActiveCfg = Release|Any CPU
		{E535FBE4-233E-4191-B674-9DE8B6BDAFAB}.Release|x86.Build.0 = Release|Any CPU
	EndGlobalSection
	GlobalSection(SolutionProperties) = preSolution
		HideSolutionNode = FALSE
	EndGlobalSection
	GlobalSection(NestedProjects) = preSolution
		{228FB368-F804-407C-A78A-C75C490D2901} = {827E0CD3-B72D-47B6-A68D-7590B98EB39B}
		{54DC9469-F7E5-4FAA-9DF6-034458006CF6} = {827E0CD3-B72D-47B6-A68D-7590B98EB39B}
		{0F7DE1B2-6AAE-461A-A45C-A72676583F36} = {827E0CD3-B72D-47B6-A68D-7590B98EB39B}
		{604E6DAA-7EC7-433A-91D0-17EA1A7364DF} = {827E0CD3-B72D-47B6-A68D-7590B98EB39B}
		{25C19537-6BDA-412F-9DB7-1BA54B58D11C} = {827E0CD3-B72D-47B6-A68D-7590B98EB39B}
		{F45859A9-0C9F-4DDF-86AE-74CF32DF7AFE} = {827E0CD3-B72D-47B6-A68D-7590B98EB39B}
		{0DF6DEB0-630D-4340-B8A0-7C4745A4752C} = {827E0CD3-B72D-47B6-A68D-7590B98EB39B}
		{0D56C9F8-99CC-45A7-89E2-A5C4551E9C5D} = {827E0CD3-B72D-47B6-A68D-7590B98EB39B}
		{1C509E73-1E22-4A0C-AEAE-ACB5F8F5C9AD} = {827E0CD3-B72D-47B6-A68D-7590B98EB39B}
		{50709456-A950-4CED-A903-FBEE40ABC20F} = {827E0CD3-B72D-47B6-A68D-7590B98EB39B}
		{3E80DE8F-9257-45A7-BB10-D256BDDD8A31} = {0AB3BF05-4346-4AA6-1389-037BE0695223}
		{4B1BF921-6150-4EFC-9241-A1D5A147CC55} = {0AB3BF05-4346-4AA6-1389-037BE0695223}
		{21945984-B897-48C6-B583-861BCC553A5C} = {0AB3BF05-4346-4AA6-1389-037BE0695223}
		{E535FBE4-233E-4191-B674-9DE8B6BDAFAB} = {827E0CD3-B72D-47B6-A68D-7590B98EB39B}
	EndGlobalSection
EndGlobal
